// !$*UTF8*$!
{
	archiveVersion = 1;
	classes = {
	};
	objectVersion = 48;
	objects = {

/* Begin PBXBuildFile section */
		4BE0B901F00B37FC4FE3C83A /* Pods_firebase_messenger.framework in Frameworks */ = {isa = PBXBuildFile; fileRef = DAEB3EA2C5482E4057155E13 /* Pods_firebase_messenger.framework */; };
		BE1469031F9F9F0D00A7DF37 /* GoogleService-Info.plist in Resources */ = {isa = PBXBuildFile; fileRef = BE1469021F9F9F0D00A7DF37 /* GoogleService-Info.plist */; };
		BE1469061F9FA7AC00A7DF37 /* Constants.swift in Sources */ = {isa = PBXBuildFile; fileRef = BE1469051F9FA7AC00A7DF37 /* Constants.swift */; };
		BE206A671FA082A800B6AB12 /* NewMessageController.swift in Sources */ = {isa = PBXBuildFile; fileRef = BE206A661FA082A800B6AB12 /* NewMessageController.swift */; };
		BE206A6A1FA08C6A00B6AB12 /* User.swift in Sources */ = {isa = PBXBuildFile; fileRef = BE206A691FA08C6A00B6AB12 /* User.swift */; };
		BE3B91EA1F9F9B9A0051A543 /* AppDelegate.swift in Sources */ = {isa = PBXBuildFile; fileRef = BE3B91E91F9F9B9A0051A543 /* AppDelegate.swift */; };
		BE3B91EC1F9F9B9A0051A543 /* MessagesController.swift in Sources */ = {isa = PBXBuildFile; fileRef = BE3B91EB1F9F9B9A0051A543 /* MessagesController.swift */; };
		BE3B91EF1F9F9B9A0051A543 /* Main.storyboard in Resources */ = {isa = PBXBuildFile; fileRef = BE3B91ED1F9F9B9A0051A543 /* Main.storyboard */; };
		BE3B91F11F9F9B9A0051A543 /* Assets.xcassets in Resources */ = {isa = PBXBuildFile; fileRef = BE3B91F01F9F9B9A0051A543 /* Assets.xcassets */; };
		BE3B91F41F9F9B9A0051A543 /* LaunchScreen.storyboard in Resources */ = {isa = PBXBuildFile; fileRef = BE3B91F21F9F9B9A0051A543 /* LaunchScreen.storyboard */; };
		BE3B91FD1F9F9D560051A543 /* LoginController.swift in Sources */ = {isa = PBXBuildFile; fileRef = BE3B91FC1F9F9D560051A543 /* LoginController.swift */; };
		BE9F545B1FA0B712006662E8 /* UserCell.swift in Sources */ = {isa = PBXBuildFile; fileRef = BE9F545A1FA0B712006662E8 /* UserCell.swift */; };
		BE9F545D1FA1DC66006662E8 /* LoginController+handlers.swift in Sources */ = {isa = PBXBuildFile; fileRef = BE9F545C1FA1DC66006662E8 /* LoginController+handlers.swift */; };
		BED5C8441FA0772F0014FCD8 /* UIColor.swift in Sources */ = {isa = PBXBuildFile; fileRef = BED5C8431FA0772F0014FCD8 /* UIColor.swift */; };
/* End PBXBuildFile section */

/* Begin PBXFileReference section */
		6D696A506C20D59FEF462B76 /* Pods-firebase-messenger.debug.xcconfig */ = {isa = PBXFileReference; includeInIndex = 1; lastKnownFileType = text.xcconfig; name = "Pods-firebase-messenger.debug.xcconfig"; path = "Pods/Target Support Files/Pods-firebase-messenger/Pods-firebase-messenger.debug.xcconfig"; sourceTree = "<group>"; };
		91F21DD5718D808FA32F68FA /* Pods-firebase-messenger.release.xcconfig */ = {isa = PBXFileReference; includeInIndex = 1; lastKnownFileType = text.xcconfig; name = "Pods-firebase-messenger.release.xcconfig"; path = "Pods/Target Support Files/Pods-firebase-messenger/Pods-firebase-messenger.release.xcconfig"; sourceTree = "<group>"; };
		BE1469021F9F9F0D00A7DF37 /* GoogleService-Info.plist */ = {isa = PBXFileReference; fileEncoding = 4; lastKnownFileType = text.plist.xml; path = "GoogleService-Info.plist"; sourceTree = "<group>"; };
		BE1469051F9FA7AC00A7DF37 /* Constants.swift */ = {isa = PBXFileReference; lastKnownFileType = sourcecode.swift; path = Constants.swift; sourceTree = "<group>"; };
		BE206A661FA082A800B6AB12 /* NewMessageController.swift */ = {isa = PBXFileReference; lastKnownFileType = sourcecode.swift; path = NewMessageController.swift; sourceTree = "<group>"; };
		BE206A691FA08C6A00B6AB12 /* User.swift */ = {isa = PBXFileReference; lastKnownFileType = sourcecode.swift; path = User.swift; sourceTree = "<group>"; };
		BE3B91E61F9F9B9A0051A543 /* firebase-messenger.app */ = {isa = PBXFileReference; explicitFileType = wrapper.application; includeInIndex = 0; path = "firebase-messenger.app"; sourceTree = BUILT_PRODUCTS_DIR; };
		BE3B91E91F9F9B9A0051A543 /* AppDelegate.swift */ = {isa = PBXFileReference; lastKnownFileType = sourcecode.swift; path = AppDelegate.swift; sourceTree = "<group>"; };
		BE3B91EB1F9F9B9A0051A543 /* MessagesController.swift */ = {isa = PBXFileReference; lastKnownFileType = sourcecode.swift; path = MessagesController.swift; sourceTree = "<group>"; };
		BE3B91EE1F9F9B9A0051A543 /* Base */ = {isa = PBXFileReference; lastKnownFileType = file.storyboard; name = Base; path = Base.lproj/Main.storyboard; sourceTree = "<group>"; };
		BE3B91F01F9F9B9A0051A543 /* Assets.xcassets */ = {isa = PBXFileReference; lastKnownFileType = folder.assetcatalog; path = Assets.xcassets; sourceTree = "<group>"; };
		BE3B91F31F9F9B9A0051A543 /* Base */ = {isa = PBXFileReference; lastKnownFileType = file.storyboard; name = Base; path = Base.lproj/LaunchScreen.storyboard; sourceTree = "<group>"; };
		BE3B91F51F9F9B9A0051A543 /* Info.plist */ = {isa = PBXFileReference; lastKnownFileType = text.plist.xml; path = Info.plist; sourceTree = "<group>"; };
		BE3B91FC1F9F9D560051A543 /* LoginController.swift */ = {isa = PBXFileReference; lastKnownFileType = sourcecode.swift; path = LoginController.swift; sourceTree = "<group>"; };
		BE9F545A1FA0B712006662E8 /* UserCell.swift */ = {isa = PBXFileReference; lastKnownFileType = sourcecode.swift; path = UserCell.swift; sourceTree = "<group>"; };
		BE9F545C1FA1DC66006662E8 /* LoginController+handlers.swift */ = {isa = PBXFileReference; lastKnownFileType = sourcecode.swift; path = "LoginController+handlers.swift"; sourceTree = "<group>"; };
		BED5C8431FA0772F0014FCD8 /* UIColor.swift */ = {isa = PBXFileReference; lastKnownFileType = sourcecode.swift; path = UIColor.swift; sourceTree = "<group>"; };
		DAEB3EA2C5482E4057155E13 /* Pods_firebase_messenger.framework */ = {isa = PBXFileReference; explicitFileType = wrapper.framework; includeInIndex = 0; path = Pods_firebase_messenger.framework; sourceTree = BUILT_PRODUCTS_DIR; };
/* End PBXFileReference section */

/* Begin PBXFrameworksBuildPhase section */
		BE3B91E31F9F9B9A0051A543 /* Frameworks */ = {
			isa = PBXFrameworksBuildPhase;
			buildActionMask = 2147483647;
			files = (
				4BE0B901F00B37FC4FE3C83A /* Pods_firebase_messenger.framework in Frameworks */,
			);
			runOnlyForDeploymentPostprocessing = 0;
		};
/* End PBXFrameworksBuildPhase section */

/* Begin PBXGroup section */
		56ABC568B0CBBB46F23739A9 /* Pods */ = {
			isa = PBXGroup;
			children = (
				6D696A506C20D59FEF462B76 /* Pods-firebase-messenger.debug.xcconfig */,
				91F21DD5718D808FA32F68FA /* Pods-firebase-messenger.release.xcconfig */,
			);
			name = Pods;
			sourceTree = "<group>";
		};
		8A59B291962C77344BAB3110 /* Frameworks */ = {
			isa = PBXGroup;
			children = (
				DAEB3EA2C5482E4057155E13 /* Pods_firebase_messenger.framework */,
			);
			name = Frameworks;
			sourceTree = "<group>";
		};
		BE1469041F9FA6E700A7DF37 /* Utilities */ = {
			isa = PBXGroup;
			children = (
				BE1469051F9FA7AC00A7DF37 /* Constants.swift */,
			);
			path = Utilities;
			sourceTree = "<group>";
		};
		BE206A681FA08C3A00B6AB12 /* Model */ = {
			isa = PBXGroup;
			children = (
				BE206A691FA08C6A00B6AB12 /* User.swift */,
			);
			path = Model;
			sourceTree = "<group>";
		};
		BE3B91DD1F9F9B9A0051A543 = {
			isa = PBXGroup;
			children = (
				BE3B91E81F9F9B9A0051A543 /* firebase-messenger */,
				BE3B91E71F9F9B9A0051A543 /* Products */,
				56ABC568B0CBBB46F23739A9 /* Pods */,
				8A59B291962C77344BAB3110 /* Frameworks */,
			);
			sourceTree = "<group>";
		};
		BE3B91E71F9F9B9A0051A543 /* Products */ = {
			isa = PBXGroup;
			children = (
				BE3B91E61F9F9B9A0051A543 /* firebase-messenger.app */,
			);
			name = Products;
			sourceTree = "<group>";
		};
		BE3B91E81F9F9B9A0051A543 /* firebase-messenger */ = {
			isa = PBXGroup;
			children = (
				BE206A681FA08C3A00B6AB12 /* Model */,
				BE9F54591FA0B6E7006662E8 /* View */,
				BE3B91FB1F9F9CE80051A543 /* Controller */,
				BED5C8411FA076F70014FCD8 /* Extensions */,
				BE1469041F9FA6E700A7DF37 /* Utilities */,
				BE3B91E91F9F9B9A0051A543 /* AppDelegate.swift */,
				BE3B91ED1F9F9B9A0051A543 /* Main.storyboard */,
				BE3B91F01F9F9B9A0051A543 /* Assets.xcassets */,
				BE3B91F21F9F9B9A0051A543 /* LaunchScreen.storyboard */,
				BE3B91F51F9F9B9A0051A543 /* Info.plist */,
				BE1469021F9F9F0D00A7DF37 /* GoogleService-Info.plist */,
			);
			path = "firebase-messenger";
			sourceTree = "<group>";
		};
		BE3B91FB1F9F9CE80051A543 /* Controller */ = {
			isa = PBXGroup;
			children = (
				BE3B91FC1F9F9D560051A543 /* LoginController.swift */,
				BE9F545C1FA1DC66006662E8 /* LoginController+handlers.swift */,
				BE3B91EB1F9F9B9A0051A543 /* MessagesController.swift */,
				BE206A661FA082A800B6AB12 /* NewMessageController.swift */,
			);
			path = Controller;
			sourceTree = "<group>";
		};
		BE9F54591FA0B6E7006662E8 /* View */ = {
			isa = PBXGroup;
			children = (
				BE9F545A1FA0B712006662E8 /* UserCell.swift */,
			);
			path = View;
			sourceTree = "<group>";
		};
		BED5C8411FA076F70014FCD8 /* Extensions */ = {
			isa = PBXGroup;
			children = (
				BED5C8431FA0772F0014FCD8 /* UIColor.swift */,
			);
			path = Extensions;
			sourceTree = "<group>";
		};
/* End PBXGroup section */

/* Begin PBXNativeTarget section */
		BE3B91E51F9F9B9A0051A543 /* firebase-messenger */ = {
			isa = PBXNativeTarget;
			buildConfigurationList = BE3B91F81F9F9B9A0051A543 /* Build configuration list for PBXNativeTarget "firebase-messenger" */;
			buildPhases = (
				AED9190F99EA324A92F15DD0 /* [CP] Check Pods Manifest.lock */,
				BE3B91E21F9F9B9A0051A543 /* Sources */,
				BE3B91E31F9F9B9A0051A543 /* Frameworks */,
				BE3B91E41F9F9B9A0051A543 /* Resources */,
				32D1253449B0DCC5D7C2AEAF /* [CP] Embed Pods Frameworks */,
				AA19A9263FA0551CF1206A71 /* [CP] Copy Pods Resources */,
			);
			buildRules = (
			);
			dependencies = (
			);
			name = "firebase-messenger";
			productName = "firebase-messenger";
			productReference = BE3B91E61F9F9B9A0051A543 /* firebase-messenger.app */;
			productType = "com.apple.product-type.application";
		};
/* End PBXNativeTarget section */

/* Begin PBXProject section */
		BE3B91DE1F9F9B9A0051A543 /* Project object */ = {
			isa = PBXProject;
			attributes = {
				LastSwiftUpdateCheck = 0910;
				LastUpgradeCheck = 0910;
				ORGANIZATIONNAME = "Alexandru Corut";
				TargetAttributes = {
					BE3B91E51F9F9B9A0051A543 = {
						CreatedOnToolsVersion = 9.1;
						ProvisioningStyle = Automatic;
					};
				};
			};
			buildConfigurationList = BE3B91E11F9F9B9A0051A543 /* Build configuration list for PBXProject "firebase-messenger" */;
			compatibilityVersion = "Xcode 8.0";
			developmentRegion = en;
			hasScannedForEncodings = 0;
			knownRegions = (
				en,
				Base,
			);
			mainGroup = BE3B91DD1F9F9B9A0051A543;
			productRefGroup = BE3B91E71F9F9B9A0051A543 /* Products */;
			projectDirPath = "";
			projectRoot = "";
			targets = (
				BE3B91E51F9F9B9A0051A543 /* firebase-messenger */,
			);
		};
/* End PBXProject section */

/* Begin PBXResourcesBuildPhase section */
		BE3B91E41F9F9B9A0051A543 /* Resources */ = {
			isa = PBXResourcesBuildPhase;
			buildActionMask = 2147483647;
			files = (
				BE3B91F41F9F9B9A0051A543 /* LaunchScreen.storyboard in Resources */,
				BE1469031F9F9F0D00A7DF37 /* GoogleService-Info.plist in Resources */,
				BE3B91F11F9F9B9A0051A543 /* Assets.xcassets in Resources */,
				BE3B91EF1F9F9B9A0051A543 /* Main.storyboard in Resources */,
			);
			runOnlyForDeploymentPostprocessing = 0;
		};
/* End PBXResourcesBuildPhase section */

/* Begin PBXShellScriptBuildPhase section */
		32D1253449B0DCC5D7C2AEAF /* [CP] Embed Pods Frameworks */ = {
			isa = PBXShellScriptBuildPhase;
			buildActionMask = 2147483647;
			files = (
			);
			inputPaths = (
				"${SRCROOT}/Pods/Target Support Files/Pods-firebase-messenger/Pods-firebase-messenger-frameworks.sh",
				"${BUILT_PRODUCTS_DIR}/GTMSessionFetcher/GTMSessionFetcher.framework",
				"${BUILT_PRODUCTS_DIR}/GoogleToolboxForMac/GoogleToolboxForMac.framework",
				"${BUILT_PRODUCTS_DIR}/leveldb-library/leveldb.framework",
				"${BUILT_PRODUCTS_DIR}/nanopb/nanopb.framework",
			);
			name = "[CP] Embed Pods Frameworks";
			outputPaths = (
				"${TARGET_BUILD_DIR}/${FRAMEWORKS_FOLDER_PATH}/GTMSessionFetcher.framework",
				"${TARGET_BUILD_DIR}/${FRAMEWORKS_FOLDER_PATH}/GoogleToolboxForMac.framework",
				"${TARGET_BUILD_DIR}/${FRAMEWORKS_FOLDER_PATH}/leveldb.framework",
				"${TARGET_BUILD_DIR}/${FRAMEWORKS_FOLDER_PATH}/nanopb.framework",
			);
			runOnlyForDeploymentPostprocessing = 0;
			shellPath = /bin/sh;
			shellScript = "\"${SRCROOT}/Pods/Target Support Files/Pods-firebase-messenger/Pods-firebase-messenger-frameworks.sh\"\n";
			showEnvVarsInLog = 0;
		};
		AA19A9263FA0551CF1206A71 /* [CP] Copy Pods Resources */ = {
			isa = PBXShellScriptBuildPhase;
			buildActionMask = 2147483647;
			files = (
			);
			inputPaths = (
			);
			name = "[CP] Copy Pods Resources";
			outputPaths = (
			);
			runOnlyForDeploymentPostprocessing = 0;
			shellPath = /bin/sh;
			shellScript = "\"${SRCROOT}/Pods/Target Support Files/Pods-firebase-messenger/Pods-firebase-messenger-resources.sh\"\n";
			showEnvVarsInLog = 0;
		};
		AED9190F99EA324A92F15DD0 /* [CP] Check Pods Manifest.lock */ = {
			isa = PBXShellScriptBuildPhase;
			buildActionMask = 2147483647;
			files = (
			);
			inputPaths = (
				"${PODS_PODFILE_DIR_PATH}/Podfile.lock",
				"${PODS_ROOT}/Manifest.lock",
			);
			name = "[CP] Check Pods Manifest.lock";
			outputPaths = (
				"$(DERIVED_FILE_DIR)/Pods-firebase-messenger-checkManifestLockResult.txt",
			);
			runOnlyForDeploymentPostprocessing = 0;
			shellPath = /bin/sh;
			shellScript = "diff \"${PODS_PODFILE_DIR_PATH}/Podfile.lock\" \"${PODS_ROOT}/Manifest.lock\" > /dev/null\nif [ $? != 0 ] ; then\n    # print error to STDERR\n    echo \"error: The sandbox is not in sync with the Podfile.lock. Run 'pod install' or update your CocoaPods installation.\" >&2\n    exit 1\nfi\n# This output is used by Xcode 'outputs' to avoid re-running this script phase.\necho \"SUCCESS\" > \"${SCRIPT_OUTPUT_FILE_0}\"\n";
			showEnvVarsInLog = 0;
		};
/* End PBXShellScriptBuildPhase section */

/* Begin PBXSourcesBuildPhase section */
		BE3B91E21F9F9B9A0051A543 /* Sources */ = {
			isa = PBXSourcesBuildPhase;
			buildActionMask = 2147483647;
			files = (
				BE9F545B1FA0B712006662E8 /* UserCell.swift in Sources */,
				BE3B91EC1F9F9B9A0051A543 /* MessagesController.swift in Sources */,
				BE9F545D1FA1DC66006662E8 /* LoginController+handlers.swift in Sources */,
				BE3B91FD1F9F9D560051A543 /* LoginController.swift in Sources */,
				BE206A671FA082A800B6AB12 /* NewMessageController.swift in Sources */,
				BE3B91EA1F9F9B9A0051A543 /* AppDelegate.swift in Sources */,
				BE1469061F9FA7AC00A7DF37 /* Constants.swift in Sources */,
				BED5C8441FA0772F0014FCD8 /* UIColor.swift in Sources */,
				BE206A6A1FA08C6A00B6AB12 /* User.swift in Sources */,
			);
			runOnlyForDeploymentPostprocessing = 0;
		};
/* End PBXSourcesBuildPhase section */

/* Begin PBXVariantGroup section */
		BE3B91ED1F9F9B9A0051A543 /* Main.storyboard */ = {
			isa = PBXVariantGroup;
			children = (
				BE3B91EE1F9F9B9A0051A543 /* Base */,
			);
			name = Main.storyboard;
			sourceTree = "<group>";
		};
		BE3B91F21F9F9B9A0051A543 /* LaunchScreen.storyboard */ = {
			isa = PBXVariantGroup;
			children = (
				BE3B91F31F9F9B9A0051A543 /* Base */,
			);
			name = LaunchScreen.storyboard;
			sourceTree = "<group>";
		};
/* End PBXVariantGroup section */

/* Begin XCBuildConfiguration section */
		BE3B91F61F9F9B9A0051A543 /* Debug */ = {
			isa = XCBuildConfiguration;
			buildSettings = {
				ALWAYS_SEARCH_USER_PATHS = NO;
				CLANG_ANALYZER_NONNULL = YES;
				CLANG_ANALYZER_NUMBER_OBJECT_CONVERSION = YES_AGGRESSIVE;
				CLANG_CXX_LANGUAGE_STANDARD = "gnu++14";
				CLANG_CXX_LIBRARY = "libc++";
				CLANG_ENABLE_MODULES = YES;
				CLANG_ENABLE_OBJC_ARC = YES;
				CLANG_WARN_BLOCK_CAPTURE_AUTORELEASING = YES;
				CLANG_WARN_BOOL_CONVERSION = YES;
				CLANG_WARN_COMMA = YES;
				CLANG_WARN_CONSTANT_CONVERSION = YES;
				CLANG_WARN_DIRECT_OBJC_ISA_USAGE = YES_ERROR;
				CLANG_WARN_DOCUMENTATION_COMMENTS = YES;
				CLANG_WARN_EMPTY_BODY = YES;
				CLANG_WARN_ENUM_CONVERSION = YES;
				CLANG_WARN_INFINITE_RECURSION = YES;
				CLANG_WARN_INT_CONVERSION = YES;
				CLANG_WARN_NON_LITERAL_NULL_CONVERSION = YES;
				CLANG_WARN_OBJC_LITERAL_CONVERSION = YES;
				CLANG_WARN_OBJC_ROOT_CLASS = YES_ERROR;
				CLANG_WARN_RANGE_LOOP_ANALYSIS = YES;
				CLANG_WARN_STRICT_PROTOTYPES = YES;
				CLANG_WARN_SUSPICIOUS_MOVE = YES;
				CLANG_WARN_UNGUARDED_AVAILABILITY = YES_AGGRESSIVE;
				CLANG_WARN_UNREACHABLE_CODE = YES;
				CLANG_WARN__DUPLICATE_METHOD_MATCH = YES;
				CODE_SIGN_IDENTITY = "iPhone Developer";
				COPY_PHASE_STRIP = NO;
				DEBUG_INFORMATION_FORMAT = dwarf;
				ENABLE_STRICT_OBJC_MSGSEND = YES;
				ENABLE_TESTABILITY = YES;
				GCC_C_LANGUAGE_STANDARD = gnu11;
				GCC_DYNAMIC_NO_PIC = NO;
				GCC_NO_COMMON_BLOCKS = YES;
				GCC_OPTIMIZATION_LEVEL = 0;
				GCC_PREPROCESSOR_DEFINITIONS = (
					"DEBUG=1",
					"$(inherited)",
				);
				GCC_WARN_64_TO_32_BIT_CONVERSION = YES;
				GCC_WARN_ABOUT_RETURN_TYPE = YES_ERROR;
				GCC_WARN_UNDECLARED_SELECTOR = YES;
				GCC_WARN_UNINITIALIZED_AUTOS = YES_AGGRESSIVE;
				GCC_WARN_UNUSED_FUNCTION = YES;
				GCC_WARN_UNUSED_VARIABLE = YES;
				IPHONEOS_DEPLOYMENT_TARGET = 11.1;
				MTL_ENABLE_DEBUG_INFO = YES;
				ONLY_ACTIVE_ARCH = YES;
				SDKROOT = iphoneos;
				SWIFT_ACTIVE_COMPILATION_CONDITIONS = DEBUG;
				SWIFT_OPTIMIZATION_LEVEL = "-Onone";
			};
			name = Debug;
		};
		BE3B91F71F9F9B9A0051A543 /* Release */ = {
			isa = XCBuildConfiguration;
			buildSettings = {
				ALWAYS_SEARCH_USER_PATHS = NO;
				CLANG_ANALYZER_NONNULL = YES;
				CLANG_ANALYZER_NUMBER_OBJECT_CONVERSION = YES_AGGRESSIVE;
				CLANG_CXX_LANGUAGE_STANDARD = "gnu++14";
				CLANG_CXX_LIBRARY = "libc++";
				CLANG_ENABLE_MODULES = YES;
				CLANG_ENABLE_OBJC_ARC = YES;
				CLANG_WARN_BLOCK_CAPTURE_AUTORELEASING = YES;
				CLANG_WARN_BOOL_CONVERSION = YES;
				CLANG_WARN_COMMA = YES;
				CLANG_WARN_CONSTANT_CONVERSION = YES;
				CLANG_WARN_DIRECT_OBJC_ISA_USAGE = YES_ERROR;
				CLANG_WARN_DOCUMENTATION_COMMENTS = YES;
				CLANG_WARN_EMPTY_BODY = YES;
				CLANG_WARN_ENUM_CONVERSION = YES;
				CLANG_WARN_INFINITE_RECURSION = YES;
				CLANG_WARN_INT_CONVERSION = YES;
				CLANG_WARN_NON_LITERAL_NULL_CONVERSION = YES;
				CLANG_WARN_OBJC_LITERAL_CONVERSION = YES;
				CLANG_WARN_OBJC_ROOT_CLASS = YES_ERROR;
				CLANG_WARN_RANGE_LOOP_ANALYSIS = YES;
				CLANG_WARN_STRICT_PROTOTYPES = YES;
				CLANG_WARN_SUSPICIOUS_MOVE = YES;
				CLANG_WARN_UNGUARDED_AVAILABILITY = YES_AGGRESSIVE;
				CLANG_WARN_UNREACHABLE_CODE = YES;
				CLANG_WARN__DUPLICATE_METHOD_MATCH = YES;
				CODE_SIGN_IDENTITY = "iPhone Developer";
				COPY_PHASE_STRIP = NO;
				DEBUG_INFORMATION_FORMAT = "dwarf-with-dsym";
				ENABLE_NS_ASSERTIONS = NO;
				ENABLE_STRICT_OBJC_MSGSEND = YES;
				GCC_C_LANGUAGE_STANDARD = gnu11;
				GCC_NO_COMMON_BLOCKS = YES;
				GCC_WARN_64_TO_32_BIT_CONVERSION = YES;
				GCC_WARN_ABOUT_RETURN_TYPE = YES_ERROR;
				GCC_WARN_UNDECLARED_SELECTOR = YES;
				GCC_WARN_UNINITIALIZED_AUTOS = YES_AGGRESSIVE;
				GCC_WARN_UNUSED_FUNCTION = YES;
				GCC_WARN_UNUSED_VARIABLE = YES;
				IPHONEOS_DEPLOYMENT_TARGET = 11.1;
				MTL_ENABLE_DEBUG_INFO = NO;
				SDKROOT = iphoneos;
				SWIFT_OPTIMIZATION_LEVEL = "-Owholemodule";
				VALIDATE_PRODUCT = YES;
			};
			name = Release;
		};
		BE3B91F91F9F9B9A0051A543 /* Debug */ = {
			isa = XCBuildConfiguration;
			baseConfigurationReference = 6D696A506C20D59FEF462B76 /* Pods-firebase-messenger.debug.xcconfig */;
			buildSettings = {
				ASSETCATALOG_COMPILER_APPICON_NAME = AppIcon;
				"CODE_SIGN_IDENTITY[sdk=iphoneos*]" = "iPhone Developer";
				CODE_SIGN_STYLE = Automatic;
				DEVELOPMENT_TEAM = 5XZQ592FBM;
				INFOPLIST_FILE = "firebase-messenger/Info.plist";
				IPHONEOS_DEPLOYMENT_TARGET = 11.0;
				LD_RUNPATH_SEARCH_PATHS = "$(inherited) @executable_path/Frameworks";
				PRODUCT_BUNDLE_IDENTIFIER = "com.alexandrucorut.firebase-messenger";
				PRODUCT_NAME = "$(TARGET_NAME)";
				PROVISIONING_PROFILE_SPECIFIER = "";
				SWIFT_VERSION = 4.0;
				TARGETED_DEVICE_FAMILY = "1,2";
			};
			name = Debug;
		};
		BE3B91FA1F9F9B9A0051A543 /* Release */ = {
			isa = XCBuildConfiguration;
			baseConfigurationReference = 91F21DD5718D808FA32F68FA /* Pods-firebase-messenger.release.xcconfig */;
			buildSettings = {
				ASSETCATALOG_COMPILER_APPICON_NAME = AppIcon;
				"CODE_SIGN_IDENTITY[sdk=iphoneos*]" = "iPhone Developer";
				CODE_SIGN_STYLE = Automatic;
				DEVELOPMENT_TEAM = 5XZQ592FBM;
				INFOPLIST_FILE = "firebase-messenger/Info.plist";
				IPHONEOS_DEPLOYMENT_TARGET = 11.0;
				LD_RUNPATH_SEARCH_PATHS = "$(inherited) @executable_path/Frameworks";
				PRODUCT_BUNDLE_IDENTIFIER = "com.alexandrucorut.firebase-messenger";
				PRODUCT_NAME = "$(TARGET_NAME)";
				PROVISIONING_PROFILE_SPECIFIER = "";
				SWIFT_VERSION = 4.0;
				TARGETED_DEVICE_FAMILY = "1,2";
			};
			name = Release;
		};
/* End XCBuildConfiguration section */

/* Begin XCConfigurationList section */
		BE3B91E11F9F9B9A0051A543 /* Build configuration list for PBXProject "firebase-messenger" */ = {
			isa = XCConfigurationList;
			buildConfigurations = (
				BE3B91F61F9F9B9A0051A543 /* Debug */,
				BE3B91F71F9F9B9A0051A543 /* Release */,
			);
			defaultConfigurationIsVisible = 0;
			defaultConfigurationName = Release;
		};
		BE3B91F81F9F9B9A0051A543 /* Build configuration list for PBXNativeTarget "firebase-messenger" */ = {
			isa = XCConfigurationList;
			buildConfigurations = (
				BE3B91F91F9F9B9A0051A543 /* Debug */,
				BE3B91FA1F9F9B9A0051A543 /* Release */,
			);
			defaultConfigurationIsVisible = 0;
			defaultConfigurationName = Release;
		};
/* End XCConfigurationList section */
	};
	rootObject = BE3B91DE1F9F9B9A0051A543 /* Project object */;
}
